PODS:
  - Capacitor (5.3.0):
    - CapacitorCordova
  - CapacitorApp (5.0.6):
    - Capacitor
  - CapacitorCordova (5.3.0)
  - CapacitorHaptics (5.0.6):
    - Capacitor
  - CapacitorKeyboard (5.0.6):
    - Capacitor
  - CapacitorStatusBar (5.0.6):
    - Capacitor

DEPENDENCIES:
  - "Capacitor (from `../../node_modules/@capacitor/ios`)"
  - "CapacitorApp (from `../../node_modules/@capacitor/app`)"
  - "CapacitorCordova (from `../../node_modules/@capacitor/ios`)"
  - "CapacitorHaptics (from `../../node_modules/@capacitor/haptics`)"
  - "CapacitorKeyboard (from `../../node_modules/@capacitor/keyboard`)"
  - "CapacitorStatusBar (from `../../node_modules/@capacitor/status-bar`)"

EXTERNAL SOURCES:
  Capacitor:
    :path: "../../node_modules/@capacitor/ios"
  CapacitorApp:
    :path: "../../node_modules/@capacitor/app"
  CapacitorCordova:
    :path: "../../node_modules/@capacitor/ios"
  CapacitorHaptics:
    :path: "../../node_modules/@capacitor/haptics"
  CapacitorKeyboard:
    :path: "../../node_modules/@capacitor/keyboard"
  CapacitorStatusBar:
    :path: "../../node_modules/@capacitor/status-bar"

SPEC CHECKSUMS:
  Capacitor: 1ac9165943bc4f2137642d218c5ba05df811de69
  CapacitorApp: 963d90cb449803d58efc33bb515c81151e69159d
  CapacitorCordova: b9374d68e63ce29e96ab5db994cf14fbefd722c9
  CapacitorHaptics: 186982679c5f4005d1e6d2c719b8251c0d3a6df8
  CapacitorKeyboard: 2f3296af2bc929a5069f02ed264fdce58ed62028
  CapacitorStatusBar: a73a9ae0dd2ca30ee429782d5d3ae82dcfa80207

PODFILE CHECKSUM: 6251d58610739eb15fc48a6bd05b384e68864724

COCOAPODS: 1.12.1
